
Microsoft Visual Studio Solution File, Format Version 12.00
# Visual Studio 15
VisualStudioVersion = 15.0.27703.2047
MinimumVisualStudioVersion = 10.0.40219.1
Project("{FAE04EC0-301F-11D3-BF4B-00C04F79EFBC}") = "AlpacaMarketTesting - Paper", "AlpacaMarketTesting - Paper\AlpacaMarketTesting - Paper.csproj", "{916C82E9-8FA9-4E64-9B77-5A57FFD64B84}"
EndProject
Global
	GlobalSection(SolutionConfigurationPlatforms) = preSolution
		Debug|Any CPU = Debug|Any CPU
		Release|Any CPU = Release|Any CPU
	EndGlobalSection
	GlobalSection(ProjectConfigurationPlatforms) = postSolution
		{916C82E9-8FA9-4E64-9B77-5A57FFD64B84}.Debug|Any CPU.ActiveCfg = Debug|Any CPU
		{916C82E9-8FA9-4E64-9B77-5A57FFD64B84}.Debug|Any CPU.Build.0 = Debug|Any CPU
		{916C82E9-8FA9-4E64-9B77-5A57FFD64B84}.Release|Any CPU.ActiveCfg = Release|Any CPU
		{916C82E9-8FA9-4E64-9B77-5A57FFD64B84}.Release|Any CPU.Build.0 = Release|Any CPU
	EndGlobalSection
	GlobalSection(SolutionProperties) = preSolution
		HideSolutionNode = FALSE
	EndGlobalSection
	GlobalSection(ExtensibilityGlobals) = postSolution
		SolutionGuid = {3BC18B30-BC31-42D2-B4BD-D56D82539575}
	EndGlobalSection
EndGlobal
